// !$*UTF8*$!
{
	archiveVersion = 1;
	classes = {
	};
	objectVersion = 77;
	objects = {

/* Begin PBXContainerItemProxy section */
		D00AAD5A2D22A5EA0052E882 /* PBXContainerItemProxy */ = {
			isa = PBXContainerItemProxy;
			containerPortal = D00AAD382D22A5E80052E882 /* Project object */;
			proxyType = 1;
			remoteGlobalIDString = D00AAD3F2D22A5E80052E882;
			remoteInfo = MapKitDemoUIKit;
		};
		D00AAD642D22A5EA0052E882 /* PBXContainerItemProxy */ = {
			isa = PBXContainerItemProxy;
			containerPortal = D00AAD382D22A5E80052E882 /* Project object */;
			proxyType = 1;
			remoteGlobalIDString = D00AAD3F2D22A5E80052E882;
			remoteInfo = MapKitDemoUIKit;
		};
/* End PBXContainerItemProxy section */

/* Begin PBXFileReference section */
		D00AAD402D22A5E80052E882 /* MapKitDemoUIKit.app */ = {isa = PBXFileReference; explicitFileType = wrapper.application; includeInIndex = 0; path = MapKitDemoUIKit.app; sourceTree = BUILT_PRODUCTS_DIR; };
		D00AAD592D22A5EA0052E882 /* MapKitDemoUIKitTests.xctest */ = {isa = PBXFileReference; explicitFileType = wrapper.cfbundle; includeInIndex = 0; path = MapKitDemoUIKitTests.xctest; sourceTree = BUILT_PRODUCTS_DIR; };
		D00AAD632D22A5EA0052E882 /* MapKitDemoUIKitUITests.xctest */ = {isa = PBXFileReference; explicitFileType = wrapper.cfbundle; includeInIndex = 0; path = MapKitDemoUIKitUITests.xctest; sourceTree = BUILT_PRODUCTS_DIR; };
/* End PBXFileReference section */

/* Begin PBXFileSystemSynchronizedBuildFileExceptionSet section */
		D00AAD6B2D22A5EA0052E882 /* Exceptions for "MapKitDemoUIKit" folder in "MapKitDemoUIKit" target */ = {
			isa = PBXFileSystemSynchronizedBuildFileExceptionSet;
			membershipExceptions = (
				Info.plist,
			);
			target = D00AAD3F2D22A5E80052E882 /* MapKitDemoUIKit */;
		};
/* End PBXFileSystemSynchronizedBuildFileExceptionSet section */

/* Begin PBXFileSystemSynchronizedRootGroup section */
		D00AAD422D22A5E80052E882 /* MapKitDemoUIKit */ = {
			isa = PBXFileSystemSynchronizedRootGroup;
			exceptions = (
				D00AAD6B2D22A5EA0052E882 /* Exceptions for "MapKitDemoUIKit" folder in "MapKitDemoUIKit" target */,
			);
			path = MapKitDemoUIKit;
			sourceTree = "<group>";
		};
		D00AAD5C2D22A5EA0052E882 /* MapKitDemoUIKitTests */ = {
			isa = PBXFileSystemSynchronizedRootGroup;
			path = MapKitDemoUIKitTests;
			sourceTree = "<group>";
		};
		D00AAD662D22A5EA0052E882 /* MapKitDemoUIKitUITests */ = {
			isa = PBXFileSystemSynchronizedRootGroup;
			path = MapKitDemoUIKitUITests;
			sourceTree = "<group>";
		};
/* End PBXFileSystemSynchronizedRootGroup section */

/* Begin PBXFrameworksBuildPhase section */
		D00AAD3D2D22A5E80052E882 /* Frameworks */ = {
			isa = PBXFrameworksBuildPhase;
			buildActionMask = 2147483647;
			files = (
			);
			runOnlyForDeploymentPostprocessing = 0;
		};
		D00AAD562D22A5EA0052E882 /* Frameworks */ = {
			isa = PBXFrameworksBuildPhase;
			buildActionMask = 2147483647;
			files = (
			);
			runOnlyForDeploymentPostprocessing = 0;
		};
		D00AAD602D22A5EA0052E882 /* Frameworks */ = {
			isa = PBXFrameworksBuildPhase;
			buildActionMask = 2147483647;
			files = (
			);
			runOnlyForDeploymentPostprocessing = 0;
		};
/* End PBXFrameworksBuildPhase section */

/* Begin PBXGroup section */
		D00AAD372D22A5E80052E882 = {
			isa = PBXGroup;
			children = (
				D00AAD422D22A5E80052E882 /* MapKitDemoUIKit */,
				D00AAD5C2D22A5EA0052E882 /* MapKitDemoUIKitTests */,
				D00AAD662D22A5EA0052E882 /* MapKitDemoUIKitUITests */,
				D00AAD412D22A5E80052E882 /* Products */,
			);
			sourceTree = "<group>";
		};
		D00AAD412D22A5E80052E882 /* Products */ = {
			isa = PBXGroup;
			children = (
				D00AAD402D22A5E80052E882 /* MapKitDemoUIKit.app */,
				D00AAD592D22A5EA0052E882 /* MapKitDemoUIKitTests.xctest */,
				D00AAD632D22A5EA0052E882 /* MapKitDemoUIKitUITests.xctest */,
			);
			name = Products;
			sourceTree = "<group>";
		};
/* End PBXGroup section */

/* Begin PBXNativeTarget section */
		D00AAD3F2D22A5E80052E882 /* MapKitDemoUIKit */ = {
			isa = PBXNativeTarget;
			buildConfigurationList = D00AAD6C2D22A5EA0052E882 /* Build configuration list for PBXNativeTarget "MapKitDemoUIKit" */;
			buildPhases = (
				D00AAD3C2D22A5E80052E882 /* Sources */,
				D00AAD3D2D22A5E80052E882 /* Frameworks */,
				D00AAD3E2D22A5E80052E882 /* Resources */,
			);
			buildRules = (
			);
			dependencies = (
			);
			fileSystemSynchronizedGroups = (
				D00AAD422D22A5E80052E882 /* MapKitDemoUIKit */,
			);
			name = MapKitDemoUIKit;
			packageProductDependencies = (
			);
			productName = MapKitDemoUIKit;
			productReference = D00AAD402D22A5E80052E882 /* MapKitDemoUIKit.app */;
			productType = "com.apple.product-type.application";
		};
		D00AAD582D22A5EA0052E882 /* MapKitDemoUIKitTests */ = {
			isa = PBXNativeTarget;
			buildConfigurationList = D00AAD712D22A5EA0052E882 /* Build configuration list for PBXNativeTarget "MapKitDemoUIKitTests" */;
			buildPhases = (
				D00AAD552D22A5EA0052E882 /* Sources */,
				D00AAD562D22A5EA0052E882 /* Frameworks */,
				D00AAD572D22A5EA0052E882 /* Resources */,
			);
			buildRules = (
			);
			dependencies = (
				D00AAD5B2D22A5EA0052E882 /* PBXTargetDependency */,
			);
			fileSystemSynchronizedGroups = (
				D00AAD5C2D22A5EA0052E882 /* MapKitDemoUIKitTests */,
			);
			name = MapKitDemoUIKitTests;
			packageProductDependencies = (
			);
			productName = MapKitDemoUIKitTests;
			productReference = D00AAD592D22A5EA0052E882 /* MapKitDemoUIKitTests.xctest */;
			productType = "com.apple.product-type.bundle.unit-test";
		};
		D00AAD622D22A5EA0052E882 /* MapKitDemoUIKitUITests */ = {
			isa = PBXNativeTarget;
			buildConfigurationList = D00AAD742D22A5EA0052E882 /* Build configuration list for PBXNativeTarget "MapKitDemoUIKitUITests" */;
			buildPhases = (
				D00AAD5F2D22A5EA0052E882 /* Sources */,
				D00AAD602D22A5EA0052E882 /* Frameworks */,
				D00AAD612D22A5EA0052E882 /* Resources */,
			);
			buildRules = (
			);
			dependencies = (
				D00AAD652D22A5EA0052E882 /* PBXTargetDependency */,
			);
			fileSystemSynchronizedGroups = (
				D00AAD662D22A5EA0052E882 /* MapKitDemoUIKitUITests */,
			);
			name = MapKitDemoUIKitUITests;
			packageProductDependencies = (
			);
			productName = MapKitDemoUIKitUITests;
			productReference = D00AAD632D22A5EA0052E882 /* MapKitDemoUIKitUITests.xctest */;
			productType = "com.apple.product-type.bundle.ui-testing";
		};
/* End PBXNativeTarget section */

/* Begin PBXProject section */
		D00AAD382D22A5E80052E882 /* Project object */ = {
			isa = PBXProject;
			attributes = {
				BuildIndependentTargetsInParallel = 1;
				LastSwiftUpdateCheck = 1620;
				LastUpgradeCheck = 1620;
				TargetAttributes = {
					D00AAD3F2D22A5E80052E882 = {
						CreatedOnToolsVersion = 16.2;
					};
					D00AAD582D22A5EA0052E882 = {
						CreatedOnToolsVersion = 16.2;
						TestTargetID = D00AAD3F2D22A5E80052E882;
					};
					D00AAD622D22A5EA0052E882 = {
						CreatedOnToolsVersion = 16.2;
						TestTargetID = D00AAD3F2D22A5E80052E882;
					};
				};
			};
			buildConfigurationList = D00AAD3B2D22A5E80052E882 /* Build configuration list for PBXProject "MapKitDemoUIKit" */;
			developmentRegion = en;
			hasScannedForEncodings = 0;
			knownRegions = (
				en,
				Base,
			);
			mainGroup = D00AAD372D22A5E80052E882;
			minimizedProjectReferenceProxies = 1;
			preferredProjectObjectVersion = 77;
			productRefGroup = D00AAD412D22A5E80052E882 /* Products */;
			projectDirPath = "";
			projectRoot = "";
			targets = (
				D00AAD3F2D22A5E80052E882 /* MapKitDemoUIKit */,
				D00AAD582D22A5EA0052E882 /* MapKitDemoUIKitTests */,
				D00AAD622D22A5EA0052E882 /* MapKitDemoUIKitUITests */,
			);
		};
/* End PBXProject section */

/* Begin PBXResourcesBuildPhase section */
		D00AAD3E2D22A5E80052E882 /* Resources */ = {
			isa = PBXResourcesBuildPhase;
			buildActionMask = 2147483647;
			files = (
			);
			runOnlyForDeploymentPostprocessing = 0;
		};
		D00AAD572D22A5EA0052E882 /* Resources */ = {
			isa = PBXResourcesBuildPhase;
			buildActionMask = 2147483647;
			files = (
			);
			runOnlyForDeploymentPostprocessing = 0;
		};
		D00AAD612D22A5EA0052E882 /* Resources */ = {
			isa = PBXResourcesBuildPhase;
			buildActionMask = 2147483647;
			files = (
			);
			runOnlyForDeploymentPostprocessing = 0;
		};
/* End PBXResourcesBuildPhase section */

/* Begin PBXSourcesBuildPhase section */
		D00AAD3C2D22A5E80052E882 /* Sources */ = {
			isa = PBXSourcesBuildPhase;
			buildActionMask = 2147483647;
			files = (
			);
			runOnlyForDeploymentPostprocessing = 0;
		};
		D00AAD552D22A5EA0052E882 /* Sources */ = {
			isa = PBXSourcesBuildPhase;
			buildActionMask = 2147483647;
			files = (
			);
			runOnlyForDeploymentPostprocessing = 0;
		};
		D00AAD5F2D22A5EA0052E882 /* Sources */ = {
			isa = PBXSourcesBuildPhase;
			buildActionMask = 2147483647;
			files = (
			);
			runOnlyForDeploymentPostprocessing = 0;
		};
/* End PBXSourcesBuildPhase section */

/* Begin PBXTargetDependency section */
		D00AAD5B2D22A5EA0052E882 /* PBXTargetDependency */ = {
			isa = PBXTargetDependency;
			target = D00AAD3F2D22A5E80052E882 /* MapKitDemoUIKit */;
			targetProxy = D00AAD5A2D22A5EA0052E882 /* PBXContainerItemProxy */;
		};
		D00AAD652D22A5EA0052E882 /* PBXTargetDependency */ = {
			isa = PBXTargetDependency;
			target = D00AAD3F2D22A5E80052E882 /* MapKitDemoUIKit */;
			targetProxy = D00AAD642D22A5EA0052E882 /* PBXContainerItemProxy */;
		};
/* End PBXTargetDependency section */

/* Begin XCBuildConfiguration section */
		D00AAD6D2D22A5EA0052E882 /* Debug */ = {
			isa = XCBuildConfiguration;
			buildSettings = {
				ASSETCATALOG_COMPILER_APPICON_NAME = AppIcon;
				ASSETCATALOG_COMPILER_GLOBAL_ACCENT_COLOR_NAME = AccentColor;
				CODE_SIGN_STYLE = Automatic;
				CURRENT_PROJECT_VERSION = 1;
				GENERATE_INFOPLIST_FILE = YES;
				INFOPLIST_FILE = MapKitDemoUIKit/Info.plist;
				INFOPLIST_KEY_UIApplicationSupportsIndirectInputEvents = YES;
				INFOPLIST_KEY_UILaunchStoryboardName = LaunchScreen;
				INFOPLIST_KEY_UIMainStoryboardFile = Main;
				INFOPLIST_KEY_UISupportedInterfaceOrientations_iPad = "UIInterfaceOrientationPortrait UIInterfaceOrientationPortraitUpsideDown UIInterfaceOrientationLandscapeLeft UIInterfaceOrientationLandscapeRight";
				INFOPLIST_KEY_UISupportedInterfaceOrientations_iPhone = "UIInterfaceOrientationPortrait UIInterfaceOrientationLandscapeLeft UIInterfaceOrientationLandscapeRight";
				LD_RUNPATH_SEARCH_PATHS = (
					"$(inherited)",
					"@executable_path/Frameworks",
				);
				MARKETING_VERSION = 1.0;
				PRODUCT_BUNDLE_IDENTIFIER = com.elexoft.MapKitDemoUIKit;
				PRODUCT_NAME = "$(TARGET_NAME)";
				SWIFT_EMIT_LOC_STRINGS = YES;
				SWIFT_VERSION = 5.0;
				TARGETED_DEVICE_FAMILY = "1,2";
			};
			name = Debug;
		};
		D00AAD6E2D22A5EA0052E882 /* Release */ = {
			isa = XCBuildConfiguration;
			buildSettings = {
				ASSETCATALOG_COMPILER_APPICON_NAME = AppIcon;
				ASSETCATALOG_COMPILER_GLOBAL_ACCENT_COLOR_NAME = AccentColor;
				CODE_SIGN_STYLE = Automatic;
				CURRENT_PROJECT_VERSION = 1;
				GENERATE_INFOPLIST_FILE = YES;
				INFOPLIST_FILE = MapKitDemoUIKit/Info.plist;
				INFOPLIST_KEY_UIApplicationSupportsIndirectInputEvents = YES;
				INFOPLIST_KEY_UILaunchStoryboardName = LaunchScreen;
				INFOPLIST_KEY_UIMainStoryboardFile = Main;
				INFOPLIST_KEY_UISupportedInterfaceOrientations_iPad = "UIInterfaceOrientationPortrait UIInterfaceOrientationPortraitUpsideDown UIInterfaceOrientationLandscapeLeft UIInterfaceOrientationLandscapeRight";
				INFOPLIST_KEY_UISupportedInterfaceOrientations_iPhone = "UIInterfaceOrientationPortrait UIInterfaceOrientationLandscapeLeft UIInterfaceOrientationLandscapeRight";
				LD_RUNPATH_SEARCH_PATHS = (
					"$(inherited)",
					"@executable_path/Frameworks",
				);
				MARKETING_VERSION = 1.0;
				PRODUCT_BUNDLE_IDENTIFIER = com.elexoft.MapKitDemoUIKit;
				PRODUCT_NAME = "$(TARGET_NAME)";
				SWIFT_EMIT_LOC_STRINGS = YES;
				SWIFT_VERSION = 5.0;
				TARGETED_DEVICE_FAMILY = "1,2";
			};
			name = Release;
		};
		D00AAD6F2D22A5EA0052E882 /* Debug */ = {
			isa = XCBuildConfiguration;
			buildSettings = {
				ALWAYS_SEARCH_USER_PATHS = NO;
				ASSETCATALOG_COMPILER_GENERATE_SWIFT_ASSET_SYMBOL_EXTENSIONS = YES;
				CLANG_ANALYZER_NONNULL = YES;
				CLANG_ANALYZER_NUMBER_OBJECT_CONVERSION = YES_AGGRESSIVE;
				CLANG_CXX_LANGUAGE_STANDARD = "gnu++20";
				CLANG_ENABLE_MODULES = YES;
				CLANG_ENABLE_OBJC_ARC = YES;
				CLANG_ENABLE_OBJC_WEAK = YES;
				CLANG_WARN_BLOCK_CAPTURE_AUTORELEASING = YES;
				CLANG_WARN_BOOL_CONVERSION = YES;
				CLANG_WARN_COMMA = YES;
				CLANG_WARN_CONSTANT_CONVERSION = YES;
				CLANG_WARN_DEPRECATED_OBJC_IMPLEMENTATIONS = YES;
				CLANG_WARN_DIRECT_OBJC_ISA_USAGE = YES_ERROR;
				CLANG_WARN_DOCUMENTATION_COMMENTS = YES;
				CLANG_WARN_EMPTY_BODY = YES;
				CLANG_WARN_ENUM_CONVERSION = YES;
				CLANG_WARN_INFINITE_RECURSION = YES;
				CLANG_WARN_INT_CONVERSION = YES;
				CLANG_WARN_NON_LITERAL_NULL_CONVERSION = YES;
				CLANG_WARN_OBJC_IMPLICIT_RETAIN_SELF = YES;
				CLANG_WARN_OBJC_LITERAL_CONVERSION = YES;
				CLANG_WARN_OBJC_ROOT_CLASS = YES_ERROR;
				CLANG_WARN_QUOTED_INCLUDE_IN_FRAMEWORK_HEADER = YES;
				CLANG_WARN_RANGE_LOOP_ANALYSIS = YES;
				CLANG_WARN_STRICT_PROTOTYPES = YES;
				CLANG_WARN_SUSPICIOUS_MOVE = YES;
				CLANG_WARN_UNGUARDED_AVAILABILITY = YES_AGGRESSIVE;
				CLANG_WARN_UNREACHABLE_CODE = YES;
				CLANG_WARN__DUPLICATE_METHOD_MATCH = YES;
				COPY_PHASE_STRIP = NO;
				DEBUG_INFORMATION_FORMAT = dwarf;
				ENABLE_STRICT_OBJC_MSGSEND = YES;
				ENABLE_TESTABILITY = YES;
				ENABLE_USER_SCRIPT_SANDBOXING = YES;
				GCC_C_LANGUAGE_STANDARD = gnu17;
				GCC_DYNAMIC_NO_PIC = NO;
				GCC_NO_COMMON_BLOCKS = YES;
				GCC_OPTIMIZATION_LEVEL = 0;
				GCC_PREPROCESSOR_DEFINITIONS = (
					"DEBUG=1",
					"$(inherited)",
				);
				GCC_WARN_64_TO_32_BIT_CONVERSION = YES;
				GCC_WARN_ABOUT_RETURN_TYPE = YES_ERROR;
				GCC_WARN_UNDECLARED_SELECTOR = YES;
				GCC_WARN_UNINITIALIZED_AUTOS = YES_AGGRESSIVE;
				GCC_WARN_UNUSED_FUNCTION = YES;
				GCC_WARN_UNUSED_VARIABLE = YES;
				IPHONEOS_DEPLOYMENT_TARGET = 18.2;
				LOCALIZATION_PREFERS_STRING_CATALOGS = YES;
				MTL_ENABLE_DEBUG_INFO = INCLUDE_SOURCE;
				MTL_FAST_MATH = YES;
				ONLY_ACTIVE_ARCH = YES;
				SDKROOT = iphoneos;
				SWIFT_ACTIVE_COMPILATION_CONDITIONS = "DEBUG $(inherited)";
				SWIFT_OPTIMIZATION_LEVEL = "-Onone";
			};
			name = Debug;
		};
		D00AAD702D22A5EA0052E882 /* Release */ = {
			isa = XCBuildConfiguration;
			buildSettings = {
				ALWAYS_SEARCH_USER_PATHS = NO;
				ASSETCATALOG_COMPILER_GENERATE_SWIFT_ASSET_SYMBOL_EXTENSIONS = YES;
				CLANG_ANALYZER_NONNULL = YES;
				CLANG_ANALYZER_NUMBER_OBJECT_CONVERSION = YES_AGGRESSIVE;
				CLANG_CXX_LANGUAGE_STANDARD = "gnu++20";
				CLANG_ENABLE_MODULES = YES;
				CLANG_ENABLE_OBJC_ARC = YES;
				CLANG_ENABLE_OBJC_WEAK = YES;
				CLANG_WARN_BLOCK_CAPTURE_AUTORELEASING = YES;
				CLANG_WARN_BOOL_CONVERSION = YES;
				CLANG_WARN_COMMA = YES;
				CLANG_WARN_CONSTANT_CONVERSION = YES;
				CLANG_WARN_DEPRECATED_OBJC_IMPLEMENTATIONS = YES;
				CLANG_WARN_DIRECT_OBJC_ISA_USAGE = YES_ERROR;
				CLANG_WARN_DOCUMENTATION_COMMENTS = YES;
				CLANG_WARN_EMPTY_BODY = YES;
				CLANG_WARN_ENUM_CONVERSION = YES;
				CLANG_WARN_INFINITE_RECURSION = YES;
				CLANG_WARN_INT_CONVERSION = YES;
				CLANG_WARN_NON_LITERAL_NULL_CONVERSION = YES;
				CLANG_WARN_OBJC_IMPLICIT_RETAIN_SELF = YES;
				CLANG_WARN_OBJC_LITERAL_CONVERSION = YES;
				CLANG_WARN_OBJC_ROOT_CLASS = YES_ERROR;
				CLANG_WARN_QUOTED_INCLUDE_IN_FRAMEWORK_HEADER = YES;
				CLANG_WARN_RANGE_LOOP_ANALYSIS = YES;
				CLANG_WARN_STRICT_PROTOTYPES = YES;
				CLANG_WARN_SUSPICIOUS_MOVE = YES;
				CLANG_WARN_UNGUARDED_AVAILABILITY = YES_AGGRESSIVE;
				CLANG_WARN_UNREACHABLE_CODE = YES;
				CLANG_WARN__DUPLICATE_METHOD_MATCH = YES;
				COPY_PHASE_STRIP = NO;
				DEBUG_INFORMATION_FORMAT = "dwarf-with-dsym";
				ENABLE_NS_ASSERTIONS = NO;
				ENABLE_STRICT_OBJC_MSGSEND = YES;
				ENABLE_USER_SCRIPT_SANDBOXING = YES;
				GCC_C_LANGUAGE_STANDARD = gnu17;
				GCC_NO_COMMON_BLOCKS = YES;
				GCC_WARN_64_TO_32_BIT_CONVERSION = YES;
				GCC_WARN_ABOUT_RETURN_TYPE = YES_ERROR;
				GCC_WARN_UNDECLARED_SELECTOR = YES;
				GCC_WARN_UNINITIALIZED_AUTOS = YES_AGGRESSIVE;
				GCC_WARN_UNUSED_FUNCTION = YES;
				GCC_WARN_UNUSED_VARIABLE = YES;
				IPHONEOS_DEPLOYMENT_TARGET = 18.2;
				LOCALIZATION_PREFERS_STRING_CATALOGS = YES;
				MTL_ENABLE_DEBUG_INFO = NO;
				MTL_FAST_MATH = YES;
				SDKROOT = iphoneos;
				SWIFT_COMPILATION_MODE = wholemodule;
				VALIDATE_PRODUCT = YES;
			};
			name = Release;
		};
		D00AAD722D22A5EA0052E882 /* Debug */ = {
			isa = XCBuildConfiguration;
			buildSettings = {
				BUNDLE_LOADER = "$(TEST_HOST)";
				CODE_SIGN_STYLE = Automatic;
				CURRENT_PROJECT_VERSION = 1;
				GENERATE_INFOPLIST_FILE = YES;
				IPHONEOS_DEPLOYMENT_TARGET = 18.2;
				MARKETING_VERSION = 1.0;
				PRODUCT_BUNDLE_IDENTIFIER = com.elexoft.MapKitDemoUIKitTests;
				PRODUCT_NAME = "$(TARGET_NAME)";
				SWIFT_EMIT_LOC_STRINGS = NO;
				SWIFT_VERSION = 5.0;
				TARGETED_DEVICE_FAMILY = "1,2";
				TEST_HOST = "$(BUILT_PRODUCTS_DIR)/MapKitDemoUIKit.app/$(BUNDLE_EXECUTABLE_FOLDER_PATH)/MapKitDemoUIKit";
			};
			name = Debug;
		};
		D00AAD732D22A5EA0052E882 /* Release */ = {
			isa = XCBuildConfiguration;
			buildSettings = {
				BUNDLE_LOADER = "$(TEST_HOST)";
				CODE_SIGN_STYLE = Automatic;
				CURRENT_PROJECT_VERSION = 1;
				GENERATE_INFOPLIST_FILE = YES;
				IPHONEOS_DEPLOYMENT_TARGET = 18.2;
				MARKETING_VERSION = 1.0;
				PRODUCT_BUNDLE_IDENTIFIER = com.elexoft.MapKitDemoUIKitTests;
				PRODUCT_NAME = "$(TARGET_NAME)";
				SWIFT_EMIT_LOC_STRINGS = NO;
				SWIFT_VERSION = 5.0;
				TARGETED_DEVICE_FAMILY = "1,2";
				TEST_HOST = "$(BUILT_PRODUCTS_DIR)/MapKitDemoUIKit.app/$(BUNDLE_EXECUTABLE_FOLDER_PATH)/MapKitDemoUIKit";
			};
			name = Release;
		};
		D00AAD752D22A5EA0052E882 /* Debug */ = {
			isa = XCBuildConfiguration;
			buildSettings = {
				CODE_SIGN_STYLE = Automatic;
				CURRENT_PROJECT_VERSION = 1;
				GENERATE_INFOPLIST_FILE = YES;
				MARKETING_VERSION = 1.0;
				PRODUCT_BUNDLE_IDENTIFIER = com.elexoft.MapKitDemoUIKitUITests;
				PRODUCT_NAME = "$(TARGET_NAME)";
				SWIFT_EMIT_LOC_STRINGS = NO;
				SWIFT_VERSION = 5.0;
				TARGETED_DEVICE_FAMILY = "1,2";
				TEST_TARGET_NAME = MapKitDemoUIKit;
			};
			name = Debug;
		};
		D00AAD762D22A5EA0052E882 /* Release */ = {
			isa = XCBuildConfiguration;
			buildSettings = {
				CODE_SIGN_STYLE = Automatic;
				CURRENT_PROJECT_VERSION = 1;
				GENERATE_INFOPLIST_FILE = YES;
				MARKETING_VERSION = 1.0;
				PRODUCT_BUNDLE_IDENTIFIER = com.elexoft.MapKitDemoUIKitUITests;
				PRODUCT_NAME = "$(TARGET_NAME)";
				SWIFT_EMIT_LOC_STRINGS = NO;
				SWIFT_VERSION = 5.0;
				TARGETED_DEVICE_FAMILY = "1,2";
				TEST_TARGET_NAME = MapKitDemoUIKit;
			};
			name = Release;
		};
/* End XCBuildConfiguration section */

/* Begin XCConfigurationList section */
		D00AAD3B2D22A5E80052E882 /* Build configuration list for PBXProject "MapKitDemoUIKit" */ = {
			isa = XCConfigurationList;
			buildConfigurations = (
				D00AAD6F2D22A5EA0052E882 /* Debug */,
				D00AAD702D22A5EA0052E882 /* Release */,
			);
			defaultConfigurationIsVisible = 0;
			defaultConfigurationName = Release;
		};
		D00AAD6C2D22A5EA0052E882 /* Build configuration list for PBXNativeTarget "MapKitDemoUIKit" */ = {
			isa = XCConfigurationList;
			buildConfigurations = (
				D00AAD6D2D22A5EA0052E882 /* Debug */,
				D00AAD6E2D22A5EA0052E882 /* Release */,
			);
			defaultConfigurationIsVisible = 0;
			defaultConfigurationName = Release;
		};
		D00AAD712D22A5EA0052E882 /* Build configuration list for PBXNativeTarget "MapKitDemoUIKitTests" */ = {
			isa = XCConfigurationList;
			buildConfigurations = (
				D00AAD722D22A5EA0052E882 /* Debug */,
				D00AAD732D22A5EA0052E882 /* Release */,
			);
			defaultConfigurationIsVisible = 0;
			defaultConfigurationName = Release;
		};
		D00AAD742D22A5EA0052E882 /* Build configuration list for PBXNativeTarget "MapKitDemoUIKitUITests" */ = {
			isa = XCConfigurationList;
			buildConfigurations = (
				D00AAD752D22A5EA0052E882 /* Debug */,
				D00AAD762D22A5EA0052E882 /* Release */,
			);
			defaultConfigurationIsVisible = 0;
			defaultConfigurationName = Release;
		};
/* End XCConfigurationList section */
	};
	rootObject = D00AAD382D22A5E80052E882 /* Project object */;
}
